<Solution>
  <Project Path="01_MainSubjects/01_MainSubjects.csproj" Id="4e386dec-b5e3-4dbd-8b58-92c3bdcdc877" />
  <Project Path="02_Variables/02_Variables.csproj" Id="962dc9f1-8dd8-4f18-af28-b1ac41404aea" />
  <Project Path="03_MakingDecision/03_MakingDecision.csproj" Id="fbcab733-4609-4bab-ad27-6f6b863ad4ed" />
</Solution>
