<Solution>
  <Project Path="01_MainSubjects/01_MainSubjects.csproj" Id="4e386dec-b5e3-4dbd-8b58-92c3bdcdc877" />
  <Project Path="02_Variables/02_Variables.csproj" Id="962dc9f1-8dd8-4f18-af28-b1ac41404aea" />
  <Project Path="03_MakingDecision/03_MakingDecision.csproj" Id="fbcab733-4609-4bab-ad27-6f6b863ad4ed" />
  <Project Path="04_Loops/04_Loops.csproj" Id="56945f27-dda2-40ea-b1f3-1ad0a566a1ee" />
  <Project Path="05_LoopsWithStars/05_LoopsWithStars.csproj" Id="499c2bc0-c003-4bd3-8998-5a3848d0ae74" />
</Solution>
